{
  "version": 4,
  "terraform_version": "1.7.0",
  "serial": 8,
  "lineage": "eb20f7bf-4fb7-427e-1660-b66e191ba82e",
  "outputs": {
    "teraform_aws_role_arn_output": {
      "value": "arn:aws:iam::797918408294:role/terraform_aws_lambda_role",
      "type": "string"
    },
    "teraform_aws_role_output": {
      "value": "terraform_aws_lambda_role",
      "type": "string"
    },
    "teraform_logging_arn_output": {
      "value": "arn:aws:iam::797918408294:policy/aws_iam_policy_for_terraform_aws_lambda_role",
      "type": "string"
    }
  },
  "resources": [
    {
      "mode": "data",
      "type": "archive_file",
      "name": "zip_the_python_code",
      "provider": "provider[\"registry.terraform.io/hashicorp/archive\"]",
      "instances": [
        {
          "schema_version": 0,
          "attributes": {
            "exclude_symlink_directories": null,
            "excludes": null,
            "id": "4c2403140cd2ca73550328dcabac24f0533745cb",
            "output_base64sha256": "HZDJQUlPlmuGSF4hLiaELwcqXqe3LBg2l2Ejj/u9HAc=",
            "output_base64sha512": "P8pT8A4TceXqs+sOC/ccLteCPk2oUfLOAejv/c40H8h2iGTn5PqgYbY/9SUeoexmdz8aitoKamxB2ifyfeQf6A==",
            "output_file_mode": null,
            "output_md5": "ecfa2f9ef80421773e9cf774b2ea706f",
            "output_path": "./python/hello-python.zip",
            "output_sha": "4c2403140cd2ca73550328dcabac24f0533745cb",
            "output_sha256": "1d90c941494f966b86485e212e26842f072a5ea7b72c18369761238ffbbd1c07",
            "output_sha512": "3fca53f00e1371e5eab3eb0e0bf71c2ed7823e4da851f2ce01e8effdce341fc8768864e7e4faa061b63ff5251ea1ec66773f1a8ada0a6a6c41da27f27de41fe8",
            "output_size": 511,
            "source": [],
            "source_content": null,
            "source_content_filename": null,
            "source_dir": "./python/",
            "source_file": null,
            "type": "zip"
          },
          "sensitive_attributes": []
        }
      ]
    },
    {
      "mode": "managed",
      "type": "aws_iam_policy",
      "name": "iam_policy_for_lambda",
      "provider": "provider[\"registry.terraform.io/hashicorp/aws\"]",
      "instances": [
        {
          "schema_version": 0,
          "attributes": {
            "arn": "arn:aws:iam::797918408294:policy/aws_iam_policy_for_terraform_aws_lambda_role",
            "description": "AWS IAM Policy for managing aws lambda role",
            "id": "arn:aws:iam::797918408294:policy/aws_iam_policy_for_terraform_aws_lambda_role",
            "name": "aws_iam_policy_for_terraform_aws_lambda_role",
            "name_prefix": "",
            "path": "/",
            "policy": "{\"Statement\":[{\"Action\":[\"logs:CreateLogGroup\",\"logs:CreateLogStream\",\"logs:PutLogEvents\"],\"Effect\":\"Allow\",\"Resource\":\"arn:aws:logs:*:*:*\"}],\"Version\":\"2012-10-17\"}",
            "policy_id": "ANPA3TR5EVZTL6AH7BRQL",
            "tags": {},
            "tags_all": {}
          },
          "sensitive_attributes": [],
          "private": "bnVsbA=="
        }
      ]
    },
    {
      "mode": "managed",
      "type": "aws_iam_role",
      "name": "lambda_role",
      "provider": "provider[\"registry.terraform.io/hashicorp/aws\"]",
      "instances": [
        {
          "schema_version": 0,
          "attributes": {
            "arn": "arn:aws:iam::797918408294:role/terraform_aws_lambda_role",
            "assume_role_policy": "{\"Statement\":[{\"Action\":\"sts:AssumeRole\",\"Effect\":\"Allow\",\"Principal\":{\"Service\":\"lambda.amazonaws.com\"},\"Sid\":\"\"}],\"Version\":\"2012-10-17\"}",
            "create_date": "2024-02-06T16:42:28Z",
            "description": "",
            "force_detach_policies": false,
            "id": "terraform_aws_lambda_role",
            "inline_policy": [],
            "managed_policy_arns": [
              "arn:aws:iam::797918408294:policy/aws_iam_policy_for_terraform_aws_lambda_role"
            ],
            "max_session_duration": 3600,
            "name": "terraform_aws_lambda_role",
            "name_prefix": "",
            "path": "/",
            "permissions_boundary": "",
            "tags": {},
            "tags_all": {},
            "unique_id": "AROA3TR5EVZTAL6D5VPVB"
          },
          "sensitive_attributes": [],
          "private": "bnVsbA=="
        }
      ]
    },
    {
      "mode": "managed",
      "type": "aws_iam_role_policy_attachment",
      "name": "attach_iam_policy_to_iam_role",
      "provider": "provider[\"registry.terraform.io/hashicorp/aws\"]",
      "instances": [
        {
          "schema_version": 0,
          "attributes": {
            "id": "terraform_aws_lambda_role-20240206164228642200000001",
            "policy_arn": "arn:aws:iam::797918408294:policy/aws_iam_policy_for_terraform_aws_lambda_role",
            "role": "terraform_aws_lambda_role"
          },
          "sensitive_attributes": [],
          "private": "bnVsbA==",
          "dependencies": [
            "aws_iam_policy.iam_policy_for_lambda",
            "aws_iam_role.lambda_role"
          ]
        }
      ]
    },
    {
      "mode": "managed",
      "type": "aws_lambda_function",
      "name": "terraform_lambda_func",
      "provider": "provider[\"registry.terraform.io/hashicorp/aws\"]",
      "instances": [
        {
          "schema_version": 0,
          "attributes": {
            "architectures": [
              "x86_64"
            ],
            "arn": "arn:aws:lambda:us-east-1:797918408294:function:RedTeam-Lambda-Function",
            "code_signing_config_arn": "",
            "dead_letter_config": [],
            "description": "",
            "environment": [],
            "ephemeral_storage": [
              {
                "size": 512
              }
            ],
            "file_system_config": [],
            "filename": "./python/hello-python.zip",
            "function_name": "RedTeam-Lambda-Function",
            "handler": "hello-python.lambda_handler",
            "id": "RedTeam-Lambda-Function",
            "image_config": [],
            "image_uri": "",
            "invoke_arn": "arn:aws:apigateway:us-east-1:lambda:path/2015-03-31/functions/arn:aws:lambda:us-east-1:797918408294:function:RedTeam-Lambda-Function/invocations",
            "kms_key_arn": "",
            "last_modified": "2024-02-06T16:45:17.803+0000",
            "layers": [],
            "logging_config": [
              {
                "application_log_level": "",
                "log_format": "Text",
                "log_group": "/aws/lambda/RedTeam-Lambda-Function",
                "system_log_level": ""
              }
            ],
            "memory_size": 128,
            "package_type": "Zip",
            "publish": false,
            "qualified_arn": "arn:aws:lambda:us-east-1:797918408294:function:RedTeam-Lambda-Function:$LATEST",
            "qualified_invoke_arn": "arn:aws:apigateway:us-east-1:lambda:path/2015-03-31/functions/arn:aws:lambda:us-east-1:797918408294:function:RedTeam-Lambda-Function:$LATEST/invocations",
            "replace_security_groups_on_destroy": null,
            "replacement_security_group_ids": null,
            "reserved_concurrent_executions": -1,
            "role": "arn:aws:iam::797918408294:role/terraform_aws_lambda_role",
            "runtime": "python3.8",
            "s3_bucket": null,
            "s3_key": null,
            "s3_object_version": null,
            "signing_job_arn": "",
            "signing_profile_version_arn": "",
            "skip_destroy": false,
            "snap_start": [],
            "source_code_hash": "HZDJQUlPlmuGSF4hLiaELwcqXqe3LBg2l2Ejj/u9HAc=",
            "source_code_size": 511,
            "tags": {},
            "tags_all": {},
            "timeout": 3,
            "timeouts": null,
            "tracing_config": [
              {
                "mode": "PassThrough"
              }
            ],
            "version": "$LATEST",
            "vpc_config": []
          },
          "sensitive_attributes": [],
          "private": "eyJlMmJmYjczMC1lY2FhLTExZTYtOGY4OC0zNDM2M2JjN2M0YzAiOnsiY3JlYXRlIjo2MDAwMDAwMDAwMDAsImRlbGV0ZSI6NjAwMDAwMDAwMDAwLCJ1cGRhdGUiOjYwMDAwMDAwMDAwMH19",
          "dependencies": [
            "aws_iam_policy.iam_policy_for_lambda",
            "aws_iam_role.lambda_role",
            "aws_iam_role_policy_attachment.attach_iam_policy_to_iam_role"
          ]
        }
      ]
    }
  ],
  "check_results": null
}
